
Microsoft Visual Studio Solution File, Format Version 12.00
# Visual Studio Version 17
VisualStudioVersion = 17.6.33815.320
MinimumVisualStudioVersion = 10.0.40219.1
Project("{9A19103F-16F7-4668-BE54-9A1E7A4F7556}") = "SerialPortToNet", "SerialPortToNet\SerialPortToNet.csproj", "{15A60633-4E02-4F48-AFD7-CF99E68510D1}"
EndProject
Global
	GlobalSection(SolutionConfigurationPlatforms) = preSolution
		Debug|Any CPU = Debug|Any CPU
		Debug|x64 = Debug|x64
		Release|Any CPU = Release|Any CPU
		Release|x64 = Release|x64
	EndGlobalSection
	GlobalSection(ProjectConfigurationPlatforms) = postSolution
		{15A60633-4E02-4F48-AFD7-CF99E68510D1}.Debug|Any CPU.ActiveCfg = Debug|Any CPU
		{15A60633-4E02-4F48-AFD7-CF99E68510D1}.Debug|Any CPU.Build.0 = Debug|Any CPU
		{15A60633-4E02-4F48-AFD7-CF99E68510D1}.Debug|x64.ActiveCfg = Debug|x64
		{15A60633-4E02-4F48-AFD7-CF99E68510D1}.Debug|x64.Build.0 = Debug|x64
		{15A60633-4E02-4F48-AFD7-CF99E68510D1}.Release|Any CPU.ActiveCfg = Release|Any CPU
		{15A60633-4E02-4F48-AFD7-CF99E68510D1}.Release|Any CPU.Build.0 = Release|Any CPU
		{15A60633-4E02-4F48-AFD7-CF99E68510D1}.Release|x64.ActiveCfg = Release|x64
		{15A60633-4E02-4F48-AFD7-CF99E68510D1}.Release|x64.Build.0 = Release|x64
	EndGlobalSection
	GlobalSection(SolutionProperties) = preSolution
		HideSolutionNode = FALSE
	EndGlobalSection
	GlobalSection(ExtensibilityGlobals) = postSolution
		SolutionGuid = {2690BC60-9288-4E5C-8671-EC0228C39A53}
	EndGlobalSection
EndGlobal
